
Microsoft Visual Studio Solution File, Format Version 12.00
# Visual Studio Version 17
VisualStudioVersion = 17.9.34723.18
MinimumVisualStudioVersion = 10.0.40219.1
Project("{FAE04EC0-301F-11D3-BF4B-00C04F79EFBC}") = "EmpresaDeSoftware", "EmpresaDeSoftware\EmpresaDeSoftware.csproj", "{7B6BB224-6B3C-43B5-9CA2-A3001D37A1BA}"
EndProject
Global
	GlobalSection(SolutionConfigurationPlatforms) = preSolution
		Debug|Any CPU = Debug|Any CPU
		Release|Any CPU = Release|Any CPU
	EndGlobalSection
	GlobalSection(ProjectConfigurationPlatforms) = postSolution
		{7B6BB224-6B3C-43B5-9CA2-A3001D37A1BA}.Debug|Any CPU.ActiveCfg = Debug|Any CPU
		{7B6BB224-6B3C-43B5-9CA2-A3001D37A1BA}.Debug|Any CPU.Build.0 = Debug|Any CPU
		{7B6BB224-6B3C-43B5-9CA2-A3001D37A1BA}.Release|Any CPU.ActiveCfg = Release|Any CPU
		{7B6BB224-6B3C-43B5-9CA2-A3001D37A1BA}.Release|Any CPU.Build.0 = Release|Any CPU
	EndGlobalSection
	GlobalSection(SolutionProperties) = preSolution
		HideSolutionNode = FALSE
	EndGlobalSection
	GlobalSection(ExtensibilityGlobals) = postSolution
		SolutionGuid = {BEB7BB2F-5D9E-4474-AB21-9DF79AAD25C6}
	EndGlobalSection
EndGlobal
